
Microsoft Visual Studio Solution File, Format Version 12.00
# Visual Studio Version 17
VisualStudioVersion = 17.0.31912.275
MinimumVisualStudioVersion = 10.0.40219.1
Project("{FAE04EC0-301F-11D3-BF4B-00C04F79EFBC}") = "Storage", "Storage\Storage.csproj", "{FF73ED65-840B-4EB0-847F-F08BFEAC4BA2}"
EndProject
Project("{FAE04EC0-301F-11D3-BF4B-00C04F79EFBC}") = "Conditioner", "Conditioner\Conditioner.csproj", "{8B211C80-86E5-4512-BF50-70C36C38A14E}"
EndProject
Project("{FAE04EC0-301F-11D3-BF4B-00C04F79EFBC}") = "LStudioONI", "LStudioONI\LStudioONI.csproj", "{64E73C86-999C-4FAE-A31A-3E3DC634DB8C}"
EndProject
Global
	GlobalSection(SolutionConfigurationPlatforms) = preSolution
		Debug|Any CPU = Debug|Any CPU
		Release|Any CPU = Release|Any CPU
	EndGlobalSection
	GlobalSection(ProjectConfigurationPlatforms) = postSolution
		{FF73ED65-840B-4EB0-847F-F08BFEAC4BA2}.Debug|Any CPU.ActiveCfg = Debug|Any CPU
		{FF73ED65-840B-4EB0-847F-F08BFEAC4BA2}.Debug|Any CPU.Build.0 = Debug|Any CPU
		{FF73ED65-840B-4EB0-847F-F08BFEAC4BA2}.Release|Any CPU.ActiveCfg = Release|Any CPU
		{FF73ED65-840B-4EB0-847F-F08BFEAC4BA2}.Release|Any CPU.Build.0 = Release|Any CPU
		{8B211C80-86E5-4512-BF50-70C36C38A14E}.Debug|Any CPU.ActiveCfg = Debug|Any CPU
		{8B211C80-86E5-4512-BF50-70C36C38A14E}.Debug|Any CPU.Build.0 = Debug|Any CPU
		{8B211C80-86E5-4512-BF50-70C36C38A14E}.Release|Any CPU.ActiveCfg = Release|Any CPU
		{8B211C80-86E5-4512-BF50-70C36C38A14E}.Release|Any CPU.Build.0 = Release|Any CPU
		{64E73C86-999C-4FAE-A31A-3E3DC634DB8C}.Debug|Any CPU.ActiveCfg = Debug|Any CPU
		{64E73C86-999C-4FAE-A31A-3E3DC634DB8C}.Debug|Any CPU.Build.0 = Debug|Any CPU
		{64E73C86-999C-4FAE-A31A-3E3DC634DB8C}.Release|Any CPU.ActiveCfg = Release|Any CPU
		{64E73C86-999C-4FAE-A31A-3E3DC634DB8C}.Release|Any CPU.Build.0 = Release|Any CPU
	EndGlobalSection
	GlobalSection(SolutionProperties) = preSolution
		HideSolutionNode = FALSE
	EndGlobalSection
	GlobalSection(ExtensibilityGlobals) = postSolution
		SolutionGuid = {0B268625-9350-485F-A61C-13DB3772AC8D}
	EndGlobalSection
EndGlobal
